
Microsoft Visual Studio Solution File, Format Version 12.00
# Visual Studio 15
VisualStudioVersion = 15.0.28307.1022
MinimumVisualStudioVersion = 10.0.40219.1
Project("{FAE04EC0-301F-11D3-BF4B-00C04F79EFBC}") = "Test.Android", "Test\Test.Android\Test.Android.csproj", "{F9E816C1-63F2-46A8-A487-10818A9BE065}"
EndProject
Project("{FAE04EC0-301F-11D3-BF4B-00C04F79EFBC}") = "Test.iOS", "Test\Test.iOS\Test.iOS.csproj", "{AB8F5F4B-C618-4B67-8BAB-CC3FDC303CF2}"
EndProject
Project("{FAE04EC0-301F-11D3-BF4B-00C04F79EFBC}") = "Test.UWP", "Test\Test.UWP\Test.UWP.csproj", "{259957B4-66DD-4484-A135-004DCF986700}"
EndProject
Project("{FAE04EC0-301F-11D3-BF4B-00C04F79EFBC}") = "Test", "Test\Test\Test.csproj", "{C280B814-D2E4-4811-B0E3-ECFD33C521F2}"
EndProject
Global
	GlobalSection(SolutionConfigurationPlatforms) = preSolution
		Ad-Hoc|Any CPU = Ad-Hoc|Any CPU
		Ad-Hoc|ARM = Ad-Hoc|ARM
		Ad-Hoc|iPhone = Ad-Hoc|iPhone
		Ad-Hoc|iPhoneSimulator = Ad-Hoc|iPhoneSimulator
		Ad-Hoc|x64 = Ad-Hoc|x64
		Ad-Hoc|x86 = Ad-Hoc|x86
		AppStore|Any CPU = AppStore|Any CPU
		AppStore|ARM = AppStore|ARM
		AppStore|iPhone = AppStore|iPhone
		AppStore|iPhoneSimulator = AppStore|iPhoneSimulator
		AppStore|x64 = AppStore|x64
		AppStore|x86 = AppStore|x86
		Debug|Any CPU = Debug|Any CPU
		Debug|ARM = Debug|ARM
		Debug|iPhone = Debug|iPhone
		Debug|iPhoneSimulator = Debug|iPhoneSimulator
		Debug|x64 = Debug|x64
		Debug|x86 = Debug|x86
		Release|Any CPU = Release|Any CPU
		Release|ARM = Release|ARM
		Release|iPhone = Release|iPhone
		Release|iPhoneSimulator = Release|iPhoneSimulator
		Release|x64 = Release|x64
		Release|x86 = Release|x86
	EndGlobalSection
	GlobalSection(ProjectConfigurationPlatforms) = postSolution
		{F9E816C1-63F2-46A8-A487-10818A9BE065}.Ad-Hoc|Any CPU.ActiveCfg = Release|Any CPU
		{F9E816C1-63F2-46A8-A487-10818A9BE065}.Ad-Hoc|Any CPU.Build.0 = Release|Any CPU
		{F9E816C1-63F2-46A8-A487-10818A9BE065}.Ad-Hoc|Any CPU.Deploy.0 = Release|Any CPU
		{F9E816C1-63F2-46A8-A487-10818A9BE065}.Ad-Hoc|ARM.ActiveCfg = Release|Any CPU
		{F9E816C1-63F2-46A8-A487-10818A9BE065}.Ad-Hoc|ARM.Build.0 = Release|Any CPU
		{F9E816C1-63F2-46A8-A487-10818A9BE065}.Ad-Hoc|ARM.Deploy.0 = Release|Any CPU
		{F9E816C1-63F2-46A8-A487-10818A9BE065}.Ad-Hoc|iPhone.ActiveCfg = Release|Any CPU
		{F9E816C1-63F2-46A8-A487-10818A9BE065}.Ad-Hoc|iPhone.Build.0 = Release|Any CPU
		{F9E816C1-63F2-46A8-A487-10818A9BE065}.Ad-Hoc|iPhone.Deploy.0 = Release|Any CPU
		{F9E816C1-63F2-46A8-A487-10818A9BE065}.Ad-Hoc|iPhoneSimulator.ActiveCfg = Release|Any CPU
		{F9E816C1-63F2-46A8-A487-10818A9BE065}.Ad-Hoc|iPhoneSimulator.Build.0 = Release|Any CPU
		{F9E816C1-63F2-46A8-A487-10818A9BE065}.Ad-Hoc|iPhoneSimulator.Deploy.0 = Release|Any CPU
		{F9E816C1-63F2-46A8-A487-10818A9BE065}.Ad-Hoc|x64.ActiveCfg = Release|Any CPU
		{F9E816C1-63F2-46A8-A487-10818A9BE065}.Ad-Hoc|x64.Build.0 = Release|Any CPU
		{F9E816C1-63F2-46A8-A487-10818A9BE065}.Ad-Hoc|x64.Deploy.0 = Release|Any CPU
		{F9E816C1-63F2-46A8-A487-10818A9BE065}.Ad-Hoc|x86.ActiveCfg = Release|Any CPU
		{F9E816C1-63F2-46A8-A487-10818A9BE065}.Ad-Hoc|x86.Build.0 = Release|Any CPU
		{F9E816C1-63F2-46A8-A487-10818A9BE065}.Ad-Hoc|x86.Deploy.0 = Release|Any CPU
		{F9E816C1-63F2-46A8-A487-10818A9BE065}.AppStore|Any CPU.ActiveCfg = Release|Any CPU
		{F9E816C1-63F2-46A8-A487-10818A9BE065}.AppStore|Any CPU.Build.0 = Release|Any CPU
		{F9E816C1-63F2-46A8-A487-10818A9BE065}.AppStore|Any CPU.Deploy.0 = Release|Any CPU
		{F9E816C1-63F2-46A8-A487-10818A9BE065}.AppStore|ARM.ActiveCfg = Release|Any CPU
		{F9E816C1-63F2-46A8-A487-10818A9BE065}.AppStore|ARM.Build.0 = Release|Any CPU
		{F9E816C1-63F2-46A8-A487-10818A9BE065}.AppStore|ARM.Deploy.0 = Release|Any CPU
		{F9E816C1-63F2-46A8-A487-10818A9BE065}.AppStore|iPhone.ActiveCfg = Release|Any CPU
		{F9E816C1-63F2-46A8-A487-10818A9BE065}.AppStore|iPhone.Build.0 = Release|Any CPU
		{F9E816C1-63F2-46A8-A487-10818A9BE065}.AppStore|iPhone.Deploy.0 = Release|Any CPU
		{F9E816C1-63F2-46A8-A487-10818A9BE065}.AppStore|iPhoneSimulator.ActiveCfg = Release|Any CPU
		{F9E816C1-63F2-46A8-A487-10818A9BE065}.AppStore|iPhoneSimulator.Build.0 = Release|Any CPU
		{F9E816C1-63F2-46A8-A487-10818A9BE065}.AppStore|iPhoneSimulator.Deploy.0 = Release|Any CPU
		{F9E816C1-63F2-46A8-A487-10818A9BE065}.AppStore|x64.ActiveCfg = Release|Any CPU
		{F9E816C1-63F2-46A8-A487-10818A9BE065}.AppStore|x64.Build.0 = Release|Any CPU
		{F9E816C1-63F2-46A8-A487-10818A9BE065}.AppStore|x64.Deploy.0 = Release|Any CPU
		{F9E816C1-63F2-46A8-A487-10818A9BE065}.AppStore|x86.ActiveCfg = Release|Any CPU
		{F9E816C1-63F2-46A8-A487-10818A9BE065}.AppStore|x86.Build.0 = Release|Any CPU
		{F9E816C1-63F2-46A8-A487-10818A9BE065}.AppStore|x86.Deploy.0 = Release|Any CPU
		{F9E816C1-63F2-46A8-A487-10818A9BE065}.Debug|Any CPU.ActiveCfg = Debug|Any CPU
		{F9E816C1-63F2-46A8-A487-10818A9BE065}.Debug|Any CPU.Build.0 = Debug|Any CPU
		{F9E816C1-63F2-46A8-A487-10818A9BE065}.Debug|Any CPU.Deploy.0 = Debug|Any CPU
		{F9E816C1-63F2-46A8-A487-10818A9BE065}.Debug|ARM.ActiveCfg = Debug|Any CPU
		{F9E816C1-63F2-46A8-A487-10818A9BE065}.Debug|ARM.Build.0 = Debug|Any CPU
		{F9E816C1-63F2-46A8-A487-10818A9BE065}.Debug|ARM.Deploy.0 = Debug|Any CPU
		{F9E816C1-63F2-46A8-A487-10818A9BE065}.Debug|iPhone.ActiveCfg = Debug|Any CPU
		{F9E816C1-63F2-46A8-A487-10818A9BE065}.Debug|iPhone.Build.0 = Debug|Any CPU
		{F9E816C1-63F2-46A8-A487-10818A9BE065}.Debug|iPhone.Deploy.0 = Debug|Any CPU
		{F9E816C1-63F2-46A8-A487-10818A9BE065}.Debug|iPhoneSimulator.ActiveCfg = Debug|Any CPU
		{F9E816C1-63F2-46A8-A487-10818A9BE065}.Debug|iPhoneSimulator.Build.0 = Debug|Any CPU
		{F9E816C1-63F2-46A8-A487-10818A9BE065}.Debug|iPhoneSimulator.Deploy.0 = Debug|Any CPU
		{F9E816C1-63F2-46A8-A487-10818A9BE065}.Debug|x64.ActiveCfg = Debug|Any CPU
		{F9E816C1-63F2-46A8-A487-10818A9BE065}.Debug|x64.Build.0 = Debug|Any CPU
		{F9E816C1-63F2-46A8-A487-10818A9BE065}.Debug|x64.Deploy.0 = Debug|Any CPU
		{F9E816C1-63F2-46A8-A487-10818A9BE065}.Debug|x86.ActiveCfg = Debug|Any CPU
		{F9E816C1-63F2-46A8-A487-10818A9BE065}.Debug|x86.Build.0 = Debug|Any CPU
		{F9E816C1-63F2-46A8-A487-10818A9BE065}.Debug|x86.Deploy.0 = Debug|Any CPU
		{F9E816C1-63F2-46A8-A487-10818A9BE065}.Release|Any CPU.ActiveCfg = Release|Any CPU
		{F9E816C1-63F2-46A8-A487-10818A9BE065}.Release|Any CPU.Build.0 = Release|Any CPU
		{F9E816C1-63F2-46A8-A487-10818A9BE065}.Release|Any CPU.Deploy.0 = Release|Any CPU
		{F9E816C1-63F2-46A8-A487-10818A9BE065}.Release|ARM.ActiveCfg = Release|Any CPU
		{F9E816C1-63F2-46A8-A487-10818A9BE065}.Release|ARM.Build.0 = Release|Any CPU
		{F9E816C1-63F2-46A8-A487-10818A9BE065}.Release|ARM.Deploy.0 = Release|Any CPU
		{F9E816C1-63F2-46A8-A487-10818A9BE065}.Release|iPhone.ActiveCfg = Release|Any CPU
		{F9E816C1-63F2-46A8-A487-10818A9BE065}.Release|iPhone.Build.0 = Release|Any CPU
		{F9E816C1-63F2-46A8-A487-10818A9BE065}.Release|iPhone.Deploy.0 = Release|Any CPU
		{F9E816C1-63F2-46A8-A487-10818A9BE065}.Release|iPhoneSimulator.ActiveCfg = Release|Any CPU
		{F9E816C1-63F2-46A8-A487-10818A9BE065}.Release|iPhoneSimulator.Build.0 = Release|Any CPU
		{F9E816C1-63F2-46A8-A487-10818A9BE065}.Release|iPhoneSimulator.Deploy.0 = Release|Any CPU
		{F9E816C1-63F2-46A8-A487-10818A9BE065}.Release|x64.ActiveCfg = Release|Any CPU
		{F9E816C1-63F2-46A8-A487-10818A9BE065}.Release|x64.Build.0 = Release|Any CPU
		{F9E816C1-63F2-46A8-A487-10818A9BE065}.Release|x64.Deploy.0 = Release|Any CPU
		{F9E816C1-63F2-46A8-A487-10818A9BE065}.Release|x86.ActiveCfg = Release|Any CPU
		{F9E816C1-63F2-46A8-A487-10818A9BE065}.Release|x86.Build.0 = Release|Any CPU
		{F9E816C1-63F2-46A8-A487-10818A9BE065}.Release|x86.Deploy.0 = Release|Any CPU
		{AB8F5F4B-C618-4B67-8BAB-CC3FDC303CF2}.Ad-Hoc|Any CPU.ActiveCfg = Ad-Hoc|iPhone
		{AB8F5F4B-C618-4B67-8BAB-CC3FDC303CF2}.Ad-Hoc|Any CPU.Build.0 = Ad-Hoc|iPhone
		{AB8F5F4B-C618-4B67-8BAB-CC3FDC303CF2}.Ad-Hoc|Any CPU.Deploy.0 = Ad-Hoc|iPhone
		{AB8F5F4B-C618-4B67-8BAB-CC3FDC303CF2}.Ad-Hoc|ARM.ActiveCfg = Ad-Hoc|iPhone
		{AB8F5F4B-C618-4B67-8BAB-CC3FDC303CF2}.Ad-Hoc|ARM.Build.0 = Ad-Hoc|iPhone
		{AB8F5F4B-C618-4B67-8BAB-CC3FDC303CF2}.Ad-Hoc|ARM.Deploy.0 = Ad-Hoc|iPhone
		{AB8F5F4B-C618-4B67-8BAB-CC3FDC303CF2}.Ad-Hoc|iPhone.ActiveCfg = Ad-Hoc|iPhone
		{AB8F5F4B-C618-4B67-8BAB-CC3FDC303CF2}.Ad-Hoc|iPhone.Build.0 = Ad-Hoc|iPhone
		{AB8F5F4B-C618-4B67-8BAB-CC3FDC303CF2}.Ad-Hoc|iPhone.Deploy.0 = Ad-Hoc|iPhone
		{AB8F5F4B-C618-4B67-8BAB-CC3FDC303CF2}.Ad-Hoc|iPhoneSimulator.ActiveCfg = Ad-Hoc|iPhoneSimulator
		{AB8F5F4B-C618-4B67-8BAB-CC3FDC303CF2}.Ad-Hoc|iPhoneSimulator.Build.0 = Ad-Hoc|iPhoneSimulator
		{AB8F5F4B-C618-4B67-8BAB-CC3FDC303CF2}.Ad-Hoc|iPhoneSimulator.Deploy.0 = Ad-Hoc|iPhoneSimulator
		{AB8F5F4B-C618-4B67-8BAB-CC3FDC303CF2}.Ad-Hoc|x64.ActiveCfg = Ad-Hoc|iPhone
		{AB8F5F4B-C618-4B67-8BAB-CC3FDC303CF2}.Ad-Hoc|x64.Build.0 = Ad-Hoc|iPhone
		{AB8F5F4B-C618-4B67-8BAB-CC3FDC303CF2}.Ad-Hoc|x64.Deploy.0 = Ad-Hoc|iPhone
		{AB8F5F4B-C618-4B67-8BAB-CC3FDC303CF2}.Ad-Hoc|x86.ActiveCfg = Ad-Hoc|iPhone
		{AB8F5F4B-C618-4B67-8BAB-CC3FDC303CF2}.Ad-Hoc|x86.Build.0 = Ad-Hoc|iPhone
		{AB8F5F4B-C618-4B67-8BAB-CC3FDC303CF2}.Ad-Hoc|x86.Deploy.0 = Ad-Hoc|iPhone
		{AB8F5F4B-C618-4B67-8BAB-CC3FDC303CF2}.AppStore|Any CPU.ActiveCfg = AppStore|iPhone
		{AB8F5F4B-C618-4B67-8BAB-CC3FDC303CF2}.AppStore|Any CPU.Build.0 = AppStore|iPhone
		{AB8F5F4B-C618-4B67-8BAB-CC3FDC303CF2}.AppStore|Any CPU.Deploy.0 = AppStore|iPhone
		{AB8F5F4B-C618-4B67-8BAB-CC3FDC303CF2}.AppStore|ARM.ActiveCfg = AppStore|iPhone
		{AB8F5F4B-C618-4B67-8BAB-CC3FDC303CF2}.AppStore|ARM.Build.0 = AppStore|iPhone
		{AB8F5F4B-C618-4B67-8BAB-CC3FDC303CF2}.AppStore|ARM.Deploy.0 = AppStore|iPhone
		{AB8F5F4B-C618-4B67-8BAB-CC3FDC303CF2}.AppStore|iPhone.ActiveCfg = AppStore|iPhone
		{AB8F5F4B-C618-4B67-8BAB-CC3FDC303CF2}.AppStore|iPhone.Build.0 = AppStore|iPhone
		{AB8F5F4B-C618-4B67-8BAB-CC3FDC303CF2}.AppStore|iPhone.Deploy.0 = AppStore|iPhone
		{AB8F5F4B-C618-4B67-8BAB-CC3FDC303CF2}.AppStore|iPhoneSimulator.ActiveCfg = AppStore|iPhoneSimulator
		{AB8F5F4B-C618-4B67-8BAB-CC3FDC303CF2}.AppStore|iPhoneSimulator.Build.0 = AppStore|iPhoneSimulator
		{AB8F5F4B-C618-4B67-8BAB-CC3FDC303CF2}.AppStore|iPhoneSimulator.Deploy.0 = AppStore|iPhoneSimulator
		{AB8F5F4B-C618-4B67-8BAB-CC3FDC303CF2}.AppStore|x64.ActiveCfg = AppStore|iPhone
		{AB8F5F4B-C618-4B67-8BAB-CC3FDC303CF2}.AppStore|x64.Build.0 = AppStore|iPhone
		{AB8F5F4B-C618-4B67-8BAB-CC3FDC303CF2}.AppStore|x64.Deploy.0 = AppStore|iPhone
		{AB8F5F4B-C618-4B67-8BAB-CC3FDC303CF2}.AppStore|x86.ActiveCfg = AppStore|iPhone
		{AB8F5F4B-C618-4B67-8BAB-CC3FDC303CF2}.AppStore|x86.Build.0 = AppStore|iPhone
		{AB8F5F4B-C618-4B67-8BAB-CC3FDC303CF2}.AppStore|x86.Deploy.0 = AppStore|iPhone
		{AB8F5F4B-C618-4B67-8BAB-CC3FDC303CF2}.Debug|Any CPU.ActiveCfg = Debug|iPhoneSimulator
		{AB8F5F4B-C618-4B67-8BAB-CC3FDC303CF2}.Debug|Any CPU.Build.0 = Debug|iPhoneSimulator
		{AB8F5F4B-C618-4B67-8BAB-CC3FDC303CF2}.Debug|Any CPU.Deploy.0 = Debug|iPhoneSimulator
		{AB8F5F4B-C618-4B67-8BAB-CC3FDC303CF2}.Debug|ARM.ActiveCfg = Debug|iPhone
		{AB8F5F4B-C618-4B67-8BAB-CC3FDC303CF2}.Debug|ARM.Build.0 = Debug|iPhone
		{AB8F5F4B-C618-4B67-8BAB-CC3FDC303CF2}.Debug|ARM.Deploy.0 = Debug|iPhone
		{AB8F5F4B-C618-4B67-8BAB-CC3FDC303CF2}.Debug|iPhone.ActiveCfg = Debug|iPhone
		{AB8F5F4B-C618-4B67-8BAB-CC3FDC303CF2}.Debug|iPhone.Build.0 = Debug|iPhone
		{AB8F5F4B-C618-4B67-8BAB-CC3FDC303CF2}.Debug|iPhone.Deploy.0 = Debug|iPhone
		{AB8F5F4B-C618-4B67-8BAB-CC3FDC303CF2}.Debug|iPhoneSimulator.ActiveCfg = Debug|iPhoneSimulator
		{AB8F5F4B-C618-4B67-8BAB-CC3FDC303CF2}.Debug|iPhoneSimulator.Build.0 = Debug|iPhoneSimulator
		{AB8F5F4B-C618-4B67-8BAB-CC3FDC303CF2}.Debug|iPhoneSimulator.Deploy.0 = Debug|iPhoneSimulator
		{AB8F5F4B-C618-4B67-8BAB-CC3FDC303CF2}.Debug|x64.ActiveCfg = Debug|iPhone
		{AB8F5F4B-C618-4B67-8BAB-CC3FDC303CF2}.Debug|x64.Build.0 = Debug|iPhone
		{AB8F5F4B-C618-4B67-8BAB-CC3FDC303CF2}.Debug|x64.Deploy.0 = Debug|iPhone
		{AB8F5F4B-C618-4B67-8BAB-CC3FDC303CF2}.Debug|x86.ActiveCfg = Debug|iPhone
		{AB8F5F4B-C618-4B67-8BAB-CC3FDC303CF2}.Debug|x86.Build.0 = Debug|iPhone
		{AB8F5F4B-C618-4B67-8BAB-CC3FDC303CF2}.Debug|x86.Deploy.0 = Debug|iPhone
		{AB8F5F4B-C618-4B67-8BAB-CC3FDC303CF2}.Release|Any CPU.ActiveCfg = Release|iPhone
		{AB8F5F4B-C618-4B67-8BAB-CC3FDC303CF2}.Release|Any CPU.Build.0 = Release|iPhone
		{AB8F5F4B-C618-4B67-8BAB-CC3FDC303CF2}.Release|Any CPU.Deploy.0 = Release|iPhone
		{AB8F5F4B-C618-4B67-8BAB-CC3FDC303CF2}.Release|ARM.ActiveCfg = Release|iPhone
		{AB8F5F4B-C618-4B67-8BAB-CC3FDC303CF2}.Release|ARM.Build.0 = Release|iPhone
		{AB8F5F4B-C618-4B67-8BAB-CC3FDC303CF2}.Release|ARM.Deploy.0 = Release|iPhone
		{AB8F5F4B-C618-4B67-8BAB-CC3FDC303CF2}.Release|iPhone.ActiveCfg = Release|iPhone
		{AB8F5F4B-C618-4B67-8BAB-CC3FDC303CF2}.Release|iPhone.Build.0 = Release|iPhone
		{AB8F5F4B-C618-4B67-8BAB-CC3FDC303CF2}.Release|iPhone.Deploy.0 = Release|iPhone
		{AB8F5F4B-C618-4B67-8BAB-CC3FDC303CF2}.Release|iPhoneSimulator.ActiveCfg = Release|iPhoneSimulator
		{AB8F5F4B-C618-4B67-8BAB-CC3FDC303CF2}.Release|iPhoneSimulator.Build.0 = Release|iPhoneSimulator
		{AB8F5F4B-C618-4B67-8BAB-CC3FDC303CF2}.Release|iPhoneSimulator.Deploy.0 = Release|iPhoneSimulator
		{AB8F5F4B-C618-4B67-8BAB-CC3FDC303CF2}.Release|x64.ActiveCfg = Release|iPhone
		{AB8F5F4B-C618-4B67-8BAB-CC3FDC303CF2}.Release|x64.Build.0 = Release|iPhone
		{AB8F5F4B-C618-4B67-8BAB-CC3FDC303CF2}.Release|x64.Deploy.0 = Release|iPhone
		{AB8F5F4B-C618-4B67-8BAB-CC3FDC303CF2}.Release|x86.ActiveCfg = Release|iPhone
		{AB8F5F4B-C618-4B67-8BAB-CC3FDC303CF2}.Release|x86.Build.0 = Release|iPhone
		{AB8F5F4B-C618-4B67-8BAB-CC3FDC303CF2}.Release|x86.Deploy.0 = Release|iPhone
		{259957B4-66DD-4484-A135-004DCF986700}.Ad-Hoc|Any CPU.ActiveCfg = Release|x86
		{259957B4-66DD-4484-A135-004DCF986700}.Ad-Hoc|Any CPU.Build.0 = Release|x86
		{259957B4-66DD-4484-A135-004DCF986700}.Ad-Hoc|Any CPU.Deploy.0 = Release|x86
		{259957B4-66DD-4484-A135-004DCF986700}.Ad-Hoc|ARM.ActiveCfg = Release|ARM
		{259957B4-66DD-4484-A135-004DCF986700}.Ad-Hoc|ARM.Build.0 = Release|ARM
		{259957B4-66DD-4484-A135-004DCF986700}.Ad-Hoc|ARM.Deploy.0 = Release|ARM
		{259957B4-66DD-4484-A135-004DCF986700}.Ad-Hoc|iPhone.ActiveCfg = Release|x86
		{259957B4-66DD-4484-A135-004DCF986700}.Ad-Hoc|iPhone.Build.0 = Release|x86
		{259957B4-66DD-4484-A135-004DCF986700}.Ad-Hoc|iPhone.Deploy.0 = Release|x86
		{259957B4-66DD-4484-A135-004DCF986700}.Ad-Hoc|iPhoneSimulator.ActiveCfg = Release|x86
		{259957B4-66DD-4484-A135-004DCF986700}.Ad-Hoc|iPhoneSimulator.Build.0 = Release|x86
		{259957B4-66DD-4484-A135-004DCF986700}.Ad-Hoc|iPhoneSimulator.Deploy.0 = Release|x86
		{259957B4-66DD-4484-A135-004DCF986700}.Ad-Hoc|x64.ActiveCfg = Release|x64
		{259957B4-66DD-4484-A135-004DCF986700}.Ad-Hoc|x64.Build.0 = Release|x64
		{259957B4-66DD-4484-A135-004DCF986700}.Ad-Hoc|x64.Deploy.0 = Release|x64
		{259957B4-66DD-4484-A135-004DCF986700}.Ad-Hoc|x86.ActiveCfg = Release|x86
		{259957B4-66DD-4484-A135-004DCF986700}.Ad-Hoc|x86.Build.0 = Release|x86
		{259957B4-66DD-4484-A135-004DCF986700}.Ad-Hoc|x86.Deploy.0 = Release|x86
		{259957B4-66DD-4484-A135-004DCF986700}.AppStore|Any CPU.ActiveCfg = Release|x86
		{259957B4-66DD-4484-A135-004DCF986700}.AppStore|Any CPU.Build.0 = Release|x86
		{259957B4-66DD-4484-A135-004DCF986700}.AppStore|Any CPU.Deploy.0 = Release|x86
		{259957B4-66DD-4484-A135-004DCF986700}.AppStore|ARM.ActiveCfg = Release|ARM
		{259957B4-66DD-4484-A135-004DCF986700}.AppStore|ARM.Build.0 = Release|ARM
		{259957B4-66DD-4484-A135-004DCF986700}.AppStore|ARM.Deploy.0 = Release|ARM
		{259957B4-66DD-4484-A135-004DCF986700}.AppStore|iPhone.ActiveCfg = Release|x86
		{259957B4-66DD-4484-A135-004DCF986700}.AppStore|iPhone.Build.0 = Release|x86
		{259957B4-66DD-4484-A135-004DCF986700}.AppStore|iPhone.Deploy.0 = Release|x86
		{259957B4-66DD-4484-A135-004DCF986700}.AppStore|iPhoneSimulator.ActiveCfg = Release|x86
		{259957B4-66DD-4484-A135-004DCF986700}.AppStore|iPhoneSimulator.Build.0 = Release|x86
		{259957B4-66DD-4484-A135-004DCF986700}.AppStore|iPhoneSimulator.Deploy.0 = Release|x86
		{259957B4-66DD-4484-A135-004DCF986700}.AppStore|x64.ActiveCfg = Release|x64
		{259957B4-66DD-4484-A135-004DCF986700}.AppStore|x64.Build.0 = Release|x64
		{259957B4-66DD-4484-A135-004DCF986700}.AppStore|x64.Deploy.0 = Release|x64
		{259957B4-66DD-4484-A135-004DCF986700}.AppStore|x86.ActiveCfg = Release|x86
		{259957B4-66DD-4484-A135-004DCF986700}.AppStore|x86.Build.0 = Release|x86
		{259957B4-66DD-4484-A135-004DCF986700}.AppStore|x86.Deploy.0 = Release|x86
		{259957B4-66DD-4484-A135-004DCF986700}.Debug|Any CPU.ActiveCfg = Debug|x86
		{259957B4-66DD-4484-A135-004DCF986700}.Debug|Any CPU.Build.0 = Debug|x86
		{259957B4-66DD-4484-A135-004DCF986700}.Debug|Any CPU.Deploy.0 = Debug|x86
		{259957B4-66DD-4484-A135-004DCF986700}.Debug|ARM.ActiveCfg = Debug|ARM
		{259957B4-66DD-4484-A135-004DCF986700}.Debug|ARM.Build.0 = Debug|ARM
		{259957B4-66DD-4484-A135-004DCF986700}.Debug|ARM.Deploy.0 = Debug|ARM
		{259957B4-66DD-4484-A135-004DCF986700}.Debug|iPhone.ActiveCfg = Debug|x86
		{259957B4-66DD-4484-A135-004DCF986700}.Debug|iPhone.Build.0 = Debug|x86
		{259957B4-66DD-4484-A135-004DCF986700}.Debug|iPhone.Deploy.0 = Debug|x86
		{259957B4-66DD-4484-A135-004DCF986700}.Debug|iPhoneSimulator.ActiveCfg = Debug|x86
		{259957B4-66DD-4484-A135-004DCF986700}.Debug|iPhoneSimulator.Build.0 = Debug|x86
		{259957B4-66DD-4484-A135-004DCF986700}.Debug|iPhoneSimulator.Deploy.0 = Debug|x86
		{259957B4-66DD-4484-A135-004DCF986700}.Debug|x64.ActiveCfg = Debug|x64
		{259957B4-66DD-4484-A135-004DCF986700}.Debug|x64.Build.0 = Debug|x64
		{259957B4-66DD-4484-A135-004DCF986700}.Debug|x64.Deploy.0 = Debug|x64
		{259957B4-66DD-4484-A135-004DCF986700}.Debug|x86.ActiveCfg = Debug|x86
		{259957B4-66DD-4484-A135-004DCF986700}.Debug|x86.Build.0 = Debug|x86
		{259957B4-66DD-4484-A135-004DCF986700}.Debug|x86.Deploy.0 = Debug|x86
		{259957B4-66DD-4484-A135-004DCF986700}.Release|Any CPU.ActiveCfg = Release|x86
		{259957B4-66DD-4484-A135-004DCF986700}.Release|Any CPU.Build.0 = Release|x86
		{259957B4-66DD-4484-A135-004DCF986700}.Release|Any CPU.Deploy.0 = Release|x86
		{259957B4-66DD-4484-A135-004DCF986700}.Release|ARM.ActiveCfg = Release|ARM
		{259957B4-66DD-4484-A135-004DCF986700}.Release|ARM.Build.0 = Release|ARM
		{259957B4-66DD-4484-A135-004DCF986700}.Release|ARM.Deploy.0 = Release|ARM
		{259957B4-66DD-4484-A135-004DCF986700}.Release|iPhone.ActiveCfg = Release|x86
		{259957B4-66DD-4484-A135-004DCF986700}.Release|iPhone.Build.0 = Release|x86
		{259957B4-66DD-4484-A135-004DCF986700}.Release|iPhone.Deploy.0 = Release|x86
		{259957B4-66DD-4484-A135-004DCF986700}.Release|iPhoneSimulator.ActiveCfg = Release|x86
		{259957B4-66DD-4484-A135-004DCF986700}.Release|iPhoneSimulator.Build.0 = Release|x86
		{259957B4-66DD-4484-A135-004DCF986700}.Release|iPhoneSimulator.Deploy.0 = Release|x86
		{259957B4-66DD-4484-A135-004DCF986700}.Release|x64.ActiveCfg = Release|x64
		{259957B4-66DD-4484-A135-004DCF986700}.Release|x64.Build.0 = Release|x64
		{259957B4-66DD-4484-A135-004DCF986700}.Release|x64.Deploy.0 = Release|x64
		{259957B4-66DD-4484-A135-004DCF986700}.Release|x86.ActiveCfg = Release|x86
		{259957B4-66DD-4484-A135-004DCF986700}.Release|x86.Build.0 = Release|x86
		{259957B4-66DD-4484-A135-004DCF986700}.Release|x86.Deploy.0 = Release|x86
		{C280B814-D2E4-4811-B0E3-ECFD33C521F2}.Ad-Hoc|Any CPU.ActiveCfg = Debug|Any CPU
		{C280B814-D2E4-4811-B0E3-ECFD33C521F2}.Ad-Hoc|Any CPU.Build.0 = Debug|Any CPU
		{C280B814-D2E4-4811-B0E3-ECFD33C521F2}.Ad-Hoc|Any CPU.Deploy.0 = Debug|Any CPU
		{C280B814-D2E4-4811-B0E3-ECFD33C521F2}.Ad-Hoc|ARM.ActiveCfg = Debug|Any CPU
		{C280B814-D2E4-4811-B0E3-ECFD33C521F2}.Ad-Hoc|ARM.Build.0 = Debug|Any CPU
		{C280B814-D2E4-4811-B0E3-ECFD33C521F2}.Ad-Hoc|ARM.Deploy.0 = Debug|Any CPU
		{C280B814-D2E4-4811-B0E3-ECFD33C521F2}.Ad-Hoc|iPhone.ActiveCfg = Debug|Any CPU
		{C280B814-D2E4-4811-B0E3-ECFD33C521F2}.Ad-Hoc|iPhone.Build.0 = Debug|Any CPU
		{C280B814-D2E4-4811-B0E3-ECFD33C521F2}.Ad-Hoc|iPhone.Deploy.0 = Debug|Any CPU
		{C280B814-D2E4-4811-B0E3-ECFD33C521F2}.Ad-Hoc|iPhoneSimulator.ActiveCfg = Debug|Any CPU
		{C280B814-D2E4-4811-B0E3-ECFD33C521F2}.Ad-Hoc|iPhoneSimulator.Build.0 = Debug|Any CPU
		{C280B814-D2E4-4811-B0E3-ECFD33C521F2}.Ad-Hoc|iPhoneSimulator.Deploy.0 = Debug|Any CPU
		{C280B814-D2E4-4811-B0E3-ECFD33C521F2}.Ad-Hoc|x64.ActiveCfg = Debug|Any CPU
		{C280B814-D2E4-4811-B0E3-ECFD33C521F2}.Ad-Hoc|x64.Build.0 = Debug|Any CPU
		{C280B814-D2E4-4811-B0E3-ECFD33C521F2}.Ad-Hoc|x64.Deploy.0 = Debug|Any CPU
		{C280B814-D2E4-4811-B0E3-ECFD33C521F2}.Ad-Hoc|x86.ActiveCfg = Debug|Any CPU
		{C280B814-D2E4-4811-B0E3-ECFD33C521F2}.Ad-Hoc|x86.Build.0 = Debug|Any CPU
		{C280B814-D2E4-4811-B0E3-ECFD33C521F2}.Ad-Hoc|x86.Deploy.0 = Debug|Any CPU
		{C280B814-D2E4-4811-B0E3-ECFD33C521F2}.AppStore|Any CPU.ActiveCfg = Debug|Any CPU
		{C280B814-D2E4-4811-B0E3-ECFD33C521F2}.AppStore|Any CPU.Build.0 = Debug|Any CPU
		{C280B814-D2E4-4811-B0E3-ECFD33C521F2}.AppStore|Any CPU.Deploy.0 = Debug|Any CPU
		{C280B814-D2E4-4811-B0E3-ECFD33C521F2}.AppStore|ARM.ActiveCfg = Debug|Any CPU
		{C280B814-D2E4-4811-B0E3-ECFD33C521F2}.AppStore|ARM.Build.0 = Debug|Any CPU
		{C280B814-D2E4-4811-B0E3-ECFD33C521F2}.AppStore|ARM.Deploy.0 = Debug|Any CPU
		{C280B814-D2E4-4811-B0E3-ECFD33C521F2}.AppStore|iPhone.ActiveCfg = Debug|Any CPU
		{C280B814-D2E4-4811-B0E3-ECFD33C521F2}.AppStore|iPhone.Build.0 = Debug|Any CPU
		{C280B814-D2E4-4811-B0E3-ECFD33C521F2}.AppStore|iPhone.Deploy.0 = Debug|Any CPU
		{C280B814-D2E4-4811-B0E3-ECFD33C521F2}.AppStore|iPhoneSimulator.ActiveCfg = Debug|Any CPU
		{C280B814-D2E4-4811-B0E3-ECFD33C521F2}.AppStore|iPhoneSimulator.Build.0 = Debug|Any CPU
		{C280B814-D2E4-4811-B0E3-ECFD33C521F2}.AppStore|iPhoneSimulator.Deploy.0 = Debug|Any CPU
		{C280B814-D2E4-4811-B0E3-ECFD33C521F2}.AppStore|x64.ActiveCfg = Debug|Any CPU
		{C280B814-D2E4-4811-B0E3-ECFD33C521F2}.AppStore|x64.Build.0 = Debug|Any CPU
		{C280B814-D2E4-4811-B0E3-ECFD33C521F2}.AppStore|x64.Deploy.0 = Debug|Any CPU
		{C280B814-D2E4-4811-B0E3-ECFD33C521F2}.AppStore|x86.ActiveCfg = Debug|Any CPU
		{C280B814-D2E4-4811-B0E3-ECFD33C521F2}.AppStore|x86.Build.0 = Debug|Any CPU
		{C280B814-D2E4-4811-B0E3-ECFD33C521F2}.AppStore|x86.Deploy.0 = Debug|Any CPU
		{C280B814-D2E4-4811-B0E3-ECFD33C521F2}.Debug|Any CPU.ActiveCfg = Debug|Any CPU
		{C280B814-D2E4-4811-B0E3-ECFD33C521F2}.Debug|Any CPU.Build.0 = Debug|Any CPU
		{C280B814-D2E4-4811-B0E3-ECFD33C521F2}.Debug|Any CPU.Deploy.0 = Debug|Any CPU
		{C280B814-D2E4-4811-B0E3-ECFD33C521F2}.Debug|ARM.ActiveCfg = Debug|Any CPU
		{C280B814-D2E4-4811-B0E3-ECFD33C521F2}.Debug|ARM.Build.0 = Debug|Any CPU
		{C280B814-D2E4-4811-B0E3-ECFD33C521F2}.Debug|ARM.Deploy.0 = Debug|Any CPU
		{C280B814-D2E4-4811-B0E3-ECFD33C521F2}.Debug|iPhone.ActiveCfg = Debug|Any CPU
		{C280B814-D2E4-4811-B0E3-ECFD33C521F2}.Debug|iPhone.Build.0 = Debug|Any CPU
		{C280B814-D2E4-4811-B0E3-ECFD33C521F2}.Debug|iPhone.Deploy.0 = Debug|Any CPU
		{C280B814-D2E4-4811-B0E3-ECFD33C521F2}.Debug|iPhoneSimulator.ActiveCfg = Debug|Any CPU
		{C280B814-D2E4-4811-B0E3-ECFD33C521F2}.Debug|iPhoneSimulator.Build.0 = Debug|Any CPU
		{C280B814-D2E4-4811-B0E3-ECFD33C521F2}.Debug|iPhoneSimulator.Deploy.0 = Debug|Any CPU
		{C280B814-D2E4-4811-B0E3-ECFD33C521F2}.Debug|x64.ActiveCfg = Debug|Any CPU
		{C280B814-D2E4-4811-B0E3-ECFD33C521F2}.Debug|x64.Build.0 = Debug|Any CPU
		{C280B814-D2E4-4811-B0E3-ECFD33C521F2}.Debug|x64.Deploy.0 = Debug|Any CPU
		{C280B814-D2E4-4811-B0E3-ECFD33C521F2}.Debug|x86.ActiveCfg = Debug|Any CPU
		{C280B814-D2E4-4811-B0E3-ECFD33C521F2}.Debug|x86.Build.0 = Debug|Any CPU
		{C280B814-D2E4-4811-B0E3-ECFD33C521F2}.Debug|x86.Deploy.0 = Debug|Any CPU
		{C280B814-D2E4-4811-B0E3-ECFD33C521F2}.Release|Any CPU.ActiveCfg = Release|Any CPU
		{C280B814-D2E4-4811-B0E3-ECFD33C521F2}.Release|Any CPU.Build.0 = Release|Any CPU
		{C280B814-D2E4-4811-B0E3-ECFD33C521F2}.Release|Any CPU.Deploy.0 = Release|Any CPU
		{C280B814-D2E4-4811-B0E3-ECFD33C521F2}.Release|ARM.ActiveCfg = Release|Any CPU
		{C280B814-D2E4-4811-B0E3-ECFD33C521F2}.Release|ARM.Build.0 = Release|Any CPU
		{C280B814-D2E4-4811-B0E3-ECFD33C521F2}.Release|ARM.Deploy.0 = Release|Any CPU
		{C280B814-D2E4-4811-B0E3-ECFD33C521F2}.Release|iPhone.ActiveCfg = Release|Any CPU
		{C280B814-D2E4-4811-B0E3-ECFD33C521F2}.Release|iPhone.Build.0 = Release|Any CPU
		{C280B814-D2E4-4811-B0E3-ECFD33C521F2}.Release|iPhone.Deploy.0 = Release|Any CPU
		{C280B814-D2E4-4811-B0E3-ECFD33C521F2}.Release|iPhoneSimulator.ActiveCfg = Release|Any CPU
		{C280B814-D2E4-4811-B0E3-ECFD33C521F2}.Release|iPhoneSimulator.Build.0 = Release|Any CPU
		{C280B814-D2E4-4811-B0E3-ECFD33C521F2}.Release|iPhoneSimulator.Deploy.0 = Release|Any CPU
		{C280B814-D2E4-4811-B0E3-ECFD33C521F2}.Release|x64.ActiveCfg = Release|Any CPU
		{C280B814-D2E4-4811-B0E3-ECFD33C521F2}.Release|x64.Build.0 = Release|Any CPU
		{C280B814-D2E4-4811-B0E3-ECFD33C521F2}.Release|x64.Deploy.0 = Release|Any CPU
		{C280B814-D2E4-4811-B0E3-ECFD33C521F2}.Release|x86.ActiveCfg = Release|Any CPU
		{C280B814-D2E4-4811-B0E3-ECFD33C521F2}.Release|x86.Build.0 = Release|Any CPU
		{C280B814-D2E4-4811-B0E3-ECFD33C521F2}.Release|x86.Deploy.0 = Release|Any CPU
	EndGlobalSection
	GlobalSection(SolutionProperties) = preSolution
		HideSolutionNode = FALSE
	EndGlobalSection
	GlobalSection(ExtensibilityGlobals) = postSolution
		SolutionGuid = {101175E8-1DB1-401E-B27A-B191AFD7B616}
	EndGlobalSection
EndGlobal
